
Microsoft Visual Studio Solution File, Format Version 12.00
# Visual Studio 15
VisualStudioVersion = 15.0.28307.168
MinimumVisualStudioVersion = 10.0.40219.1
Project("{FAE04EC0-301F-11D3-BF4B-00C04F79EFBC}") = "NumerosApp", "NumerosApp\NumerosApp.csproj", "{085C5722-7E92-456B-828B-D1BDAE9D8150}"
EndProject
Global
	GlobalSection(SolutionConfigurationPlatforms) = preSolution
		Debug|Any CPU = Debug|Any CPU
		Release|Any CPU = Release|Any CPU
	EndGlobalSection
	GlobalSection(ProjectConfigurationPlatforms) = postSolution
		{085C5722-7E92-456B-828B-D1BDAE9D8150}.Debug|Any CPU.ActiveCfg = Debug|Any CPU
		{085C5722-7E92-456B-828B-D1BDAE9D8150}.Debug|Any CPU.Build.0 = Debug|Any CPU
		{085C5722-7E92-456B-828B-D1BDAE9D8150}.Release|Any CPU.ActiveCfg = Release|Any CPU
		{085C5722-7E92-456B-828B-D1BDAE9D8150}.Release|Any CPU.Build.0 = Release|Any CPU
	EndGlobalSection
	GlobalSection(SolutionProperties) = preSolution
		HideSolutionNode = FALSE
	EndGlobalSection
	GlobalSection(ExtensibilityGlobals) = postSolution
		SolutionGuid = {BEFA1364-0D2D-4CAE-81AC-3E75B40A0A19}
	EndGlobalSection
EndGlobal
